
Microsoft Visual Studio Solution File, Format Version 12.00
# Visual Studio Version 17
VisualStudioVersion = 17.13.35825.156 d17.13
MinimumVisualStudioVersion = 10.0.40219.1
Project("{FAE04EC0-301F-11D3-BF4B-00C04F79EFBC}") = "PR-3", "PR-3\PR-3.csproj", "{67697809-35B0-4689-8CF3-4E912AE99D2C}"
EndProject
Global
	GlobalSection(SolutionConfigurationPlatforms) = preSolution
		Debug|Any CPU = Debug|Any CPU
		Release|Any CPU = Release|Any CPU
	EndGlobalSection
	GlobalSection(ProjectConfigurationPlatforms) = postSolution
		{67697809-35B0-4689-8CF3-4E912AE99D2C}.Debug|Any CPU.ActiveCfg = Debug|Any CPU
		{67697809-35B0-4689-8CF3-4E912AE99D2C}.Debug|Any CPU.Build.0 = Debug|Any CPU
		{67697809-35B0-4689-8CF3-4E912AE99D2C}.Release|Any CPU.ActiveCfg = Release|Any CPU
		{67697809-35B0-4689-8CF3-4E912AE99D2C}.Release|Any CPU.Build.0 = Release|Any CPU
	EndGlobalSection
	GlobalSection(SolutionProperties) = preSolution
		HideSolutionNode = FALSE
	EndGlobalSection
	GlobalSection(ExtensibilityGlobals) = postSolution
		SolutionGuid = {B7583A22-E4A8-4E17-AD8C-5FC7C966D4DF}
	EndGlobalSection
EndGlobal
